
Microsoft Visual Studio Solution File, Format Version 12.00
# Visual Studio 15
Project("{FAE04EC0-301F-11D3-BF4B-00C04F79EFBC}") = "Lecture_1", "Lecture_1\Lecture_1.csproj", "{75A6C41D-4D99-4149-8E44-FED599995F7D}"
EndProject
Project("{FAE04EC0-301F-11D3-BF4B-00C04F79EFBC}") = "Lecture_2", "Lecture_2\Lecture_2.csproj", "{109CB9DF-6098-4428-9991-7F077B46F938}"
EndProject
Project("{2150E333-8FDC-42A3-9474-1A3956D46DE8}") = "Solution Items", "Solution Items", "{0C0F6C1E-C986-49A1-9D4A-656AA3A3793A}"
	ProjectSection(SolutionItems) = preProject
		POP_2020.sln = POP_2020.sln
	EndProjectSection
EndProject
Project("{FAE04EC0-301F-11D3-BF4B-00C04F79EFBC}") = "Lecture_3", "Lecture_3\Lecture_3.csproj", "{A5029F66-DACB-4720-B2E1-61404CFF6438}"
EndProject
Project("{FAE04EC0-301F-11D3-BF4B-00C04F79EFBC}") = "Lecture_4", "Lecture_4\Lecture_4.csproj", "{1AE716AB-EA21-4E14-8976-7FFFD14488FD}"
EndProject
Project("{FAE04EC0-301F-11D3-BF4B-00C04F79EFBC}") = "Lecture_5", "Lecture_5\Lecture_5.csproj", "{6BD282AF-60EE-4B9D-8EB1-AB2C1061CD78}"
EndProject
Project("{FAE04EC0-301F-11D3-BF4B-00C04F79EFBC}") = "Lecture_7", "Lecture_7\Lecture_7.csproj", "{A733203F-4D4E-4D72-8D57-FF70E4376EA3}"
EndProject
Project("{FAE04EC0-301F-11D3-BF4B-00C04F79EFBC}") = "Lecture_8", "Lecture_8\Lecture_8.csproj", "{1532E64C-98F6-4173-8672-D45634279D89}"
EndProject
Project("{FAE04EC0-301F-11D3-BF4B-00C04F79EFBC}") = "POP_Assignment", "POP_Assignment\POP_Assignment.csproj", "{364E11A9-30D0-46E8-9F4D-47B0752F0459}"
EndProject
Global
	GlobalSection(SolutionConfigurationPlatforms) = preSolution
		Debug|Any CPU = Debug|Any CPU
		Release|Any CPU = Release|Any CPU
	EndGlobalSection
	GlobalSection(ProjectConfigurationPlatforms) = postSolution
		{75A6C41D-4D99-4149-8E44-FED599995F7D}.Debug|Any CPU.ActiveCfg = Debug|Any CPU
		{75A6C41D-4D99-4149-8E44-FED599995F7D}.Debug|Any CPU.Build.0 = Debug|Any CPU
		{75A6C41D-4D99-4149-8E44-FED599995F7D}.Release|Any CPU.ActiveCfg = Release|Any CPU
		{75A6C41D-4D99-4149-8E44-FED599995F7D}.Release|Any CPU.Build.0 = Release|Any CPU
		{109CB9DF-6098-4428-9991-7F077B46F938}.Debug|Any CPU.ActiveCfg = Debug|Any CPU
		{109CB9DF-6098-4428-9991-7F077B46F938}.Debug|Any CPU.Build.0 = Debug|Any CPU
		{109CB9DF-6098-4428-9991-7F077B46F938}.Release|Any CPU.ActiveCfg = Release|Any CPU
		{109CB9DF-6098-4428-9991-7F077B46F938}.Release|Any CPU.Build.0 = Release|Any CPU
		{A5029F66-DACB-4720-B2E1-61404CFF6438}.Debug|Any CPU.ActiveCfg = Debug|Any CPU
		{A5029F66-DACB-4720-B2E1-61404CFF6438}.Debug|Any CPU.Build.0 = Debug|Any CPU
		{A5029F66-DACB-4720-B2E1-61404CFF6438}.Release|Any CPU.ActiveCfg = Release|Any CPU
		{A5029F66-DACB-4720-B2E1-61404CFF6438}.Release|Any CPU.Build.0 = Release|Any CPU
		{1AE716AB-EA21-4E14-8976-7FFFD14488FD}.Debug|Any CPU.ActiveCfg = Debug|Any CPU
		{1AE716AB-EA21-4E14-8976-7FFFD14488FD}.Debug|Any CPU.Build.0 = Debug|Any CPU
		{1AE716AB-EA21-4E14-8976-7FFFD14488FD}.Release|Any CPU.ActiveCfg = Release|Any CPU
		{1AE716AB-EA21-4E14-8976-7FFFD14488FD}.Release|Any CPU.Build.0 = Release|Any CPU
		{6BD282AF-60EE-4B9D-8EB1-AB2C1061CD78}.Debug|Any CPU.ActiveCfg = Debug|Any CPU
		{6BD282AF-60EE-4B9D-8EB1-AB2C1061CD78}.Debug|Any CPU.Build.0 = Debug|Any CPU
		{6BD282AF-60EE-4B9D-8EB1-AB2C1061CD78}.Release|Any CPU.ActiveCfg = Release|Any CPU
		{6BD282AF-60EE-4B9D-8EB1-AB2C1061CD78}.Release|Any CPU.Build.0 = Release|Any CPU
		{A733203F-4D4E-4D72-8D57-FF70E4376EA3}.Debug|Any CPU.ActiveCfg = Debug|Any CPU
		{A733203F-4D4E-4D72-8D57-FF70E4376EA3}.Debug|Any CPU.Build.0 = Debug|Any CPU
		{A733203F-4D4E-4D72-8D57-FF70E4376EA3}.Release|Any CPU.ActiveCfg = Release|Any CPU
		{A733203F-4D4E-4D72-8D57-FF70E4376EA3}.Release|Any CPU.Build.0 = Release|Any CPU
		{1532E64C-98F6-4173-8672-D45634279D89}.Debug|Any CPU.ActiveCfg = Debug|Any CPU
		{1532E64C-98F6-4173-8672-D45634279D89}.Debug|Any CPU.Build.0 = Debug|Any CPU
		{1532E64C-98F6-4173-8672-D45634279D89}.Release|Any CPU.ActiveCfg = Release|Any CPU
		{1532E64C-98F6-4173-8672-D45634279D89}.Release|Any CPU.Build.0 = Release|Any CPU
		{364E11A9-30D0-46E8-9F4D-47B0752F0459}.Debug|Any CPU.ActiveCfg = Debug|Any CPU
		{364E11A9-30D0-46E8-9F4D-47B0752F0459}.Debug|Any CPU.Build.0 = Debug|Any CPU
		{364E11A9-30D0-46E8-9F4D-47B0752F0459}.Release|Any CPU.ActiveCfg = Release|Any CPU
		{364E11A9-30D0-46E8-9F4D-47B0752F0459}.Release|Any CPU.Build.0 = Release|Any CPU
	EndGlobalSection
EndGlobal
